
Microsoft Visual Studio Solution File, Format Version 12.00
# Visual Studio Version 17
VisualStudioVersion = 17.5.33502.453
MinimumVisualStudioVersion = 10.0.40219.1
Project("{FAE04EC0-301F-11D3-BF4B-00C04F79EFBC}") = "WinFormsControlsListingsApp", "WinFormsControlsListingsApp\WinFormsControlsListingsApp.csproj", "{93AEEBFC-F9AF-4B74-9BEC-4A7D30E12275}"
EndProject
Global
	GlobalSection(SolutionConfigurationPlatforms) = preSolution
		Debug|Any CPU = Debug|Any CPU
		Release|Any CPU = Release|Any CPU
	EndGlobalSection
	GlobalSection(ProjectConfigurationPlatforms) = postSolution
		{93AEEBFC-F9AF-4B74-9BEC-4A7D30E12275}.Debug|Any CPU.ActiveCfg = Debug|Any CPU
		{93AEEBFC-F9AF-4B74-9BEC-4A7D30E12275}.Debug|Any CPU.Build.0 = Debug|Any CPU
		{93AEEBFC-F9AF-4B74-9BEC-4A7D30E12275}.Release|Any CPU.ActiveCfg = Release|Any CPU
		{93AEEBFC-F9AF-4B74-9BEC-4A7D30E12275}.Release|Any CPU.Build.0 = Release|Any CPU
	EndGlobalSection
	GlobalSection(SolutionProperties) = preSolution
		HideSolutionNode = FALSE
	EndGlobalSection
	GlobalSection(ExtensibilityGlobals) = postSolution
		SolutionGuid = {25F7E138-EC26-4419-AF32-DA5F34E24CED}
	EndGlobalSection
EndGlobal
